
Microsoft Visual Studio Solution File, Format Version 12.00
# Visual Studio Version 17
VisualStudioVersion = 17.6.33829.357
MinimumVisualStudioVersion = 10.0.40219.1
Project("{8BC9CEB8-8B4A-11D0-8D11-00A0C91BC942}") = "bai6_chuyensothanhchu1", "bai6_chuyensothanhchu1\bai6_chuyensothanhchu1.vcxproj", "{50C791FD-B54D-4422-86E4-1FF1E21A223B}"
EndProject
Global
	GlobalSection(SolutionConfigurationPlatforms) = preSolution
		Debug|x64 = Debug|x64
		Debug|x86 = Debug|x86
		Release|x64 = Release|x64
		Release|x86 = Release|x86
	EndGlobalSection
	GlobalSection(ProjectConfigurationPlatforms) = postSolution
		{50C791FD-B54D-4422-86E4-1FF1E21A223B}.Debug|x64.ActiveCfg = Debug|x64
		{50C791FD-B54D-4422-86E4-1FF1E21A223B}.Debug|x64.Build.0 = Debug|x64
		{50C791FD-B54D-4422-86E4-1FF1E21A223B}.Debug|x86.ActiveCfg = Debug|Win32
		{50C791FD-B54D-4422-86E4-1FF1E21A223B}.Debug|x86.Build.0 = Debug|Win32
		{50C791FD-B54D-4422-86E4-1FF1E21A223B}.Release|x64.ActiveCfg = Release|x64
		{50C791FD-B54D-4422-86E4-1FF1E21A223B}.Release|x64.Build.0 = Release|x64
		{50C791FD-B54D-4422-86E4-1FF1E21A223B}.Release|x86.ActiveCfg = Release|Win32
		{50C791FD-B54D-4422-86E4-1FF1E21A223B}.Release|x86.Build.0 = Release|Win32
	EndGlobalSection
	GlobalSection(SolutionProperties) = preSolution
		HideSolutionNode = FALSE
	EndGlobalSection
	GlobalSection(ExtensibilityGlobals) = postSolution
		SolutionGuid = {F212C8BA-4E3E-4C0C-892E-AFE53D105B31}
	EndGlobalSection
EndGlobal
